
Microsoft Visual Studio Solution File, Format Version 12.00
# Visual Studio Version 17
VisualStudioVersion = 17.7.34031.279
MinimumVisualStudioVersion = 10.0.40219.1
Project("{888888A0-9F3D-457C-B088-3A5042F75D52}") = "Practica11-Ejercicios de Recursividad e Iteración-Python", "Practica11-Ejercicios de Recursividad e Iteración-Python\Practica11-Ejercicios de Recursividad e Iteración-Python.pyproj", "{119E282E-8CBC-49BF-A20E-99F73DD0DBA6}"
EndProject
Global
	GlobalSection(SolutionConfigurationPlatforms) = preSolution
		Debug|Any CPU = Debug|Any CPU
		Release|Any CPU = Release|Any CPU
	EndGlobalSection
	GlobalSection(ProjectConfigurationPlatforms) = postSolution
		{119E282E-8CBC-49BF-A20E-99F73DD0DBA6}.Debug|Any CPU.ActiveCfg = Debug|Any CPU
		{119E282E-8CBC-49BF-A20E-99F73DD0DBA6}.Release|Any CPU.ActiveCfg = Release|Any CPU
	EndGlobalSection
	GlobalSection(SolutionProperties) = preSolution
		HideSolutionNode = FALSE
	EndGlobalSection
	GlobalSection(ExtensibilityGlobals) = postSolution
		SolutionGuid = {2CC12F3F-7028-456F-9A6C-890A3CDDE4D7}
	EndGlobalSection
EndGlobal
